# THIS IS AN AUTOGENERATED FILE. DO NOT EDIT THIS FILE DIRECTLY.
# yarn lockfile v1


"@babel/runtime@^7.12.5":
  version "7.24.5"
  resolved "https://registry.yarnpkg.com/@babel/runtime/-/runtime-7.24.5.tgz#230946857c053a36ccc66e1dd03b17dd0c4ed02c"
  integrity sha512-Nms86NXrsaeU9vbBJKni6gXiEXZ4CVpYVzEjDH9Sb8vmZ3UljyA1GSOJl/6LGPO8EHLuSF9H+IxNXHPX8QHJ4g==
  dependencies:
    regenerator-runtime "^0.14.0"

"@daily-co/daily-js@^0.58.0":
  version "0.58.0"
  resolved "https://registry.yarnpkg.com/@daily-co/daily-js/-/daily-js-0.58.0.tgz#0df88a1110dea5d94d9c187943b65c4f8b8317b7"
  integrity sha512-gKY6fFmF6zxadRq5mXREekKViODiq9aqxfyWJ/SxIDLDp26tV/LLMAMsfv5Y5PqMmtOy5NEf9G1I6/lUWq1XtA==
  dependencies:
    "@babel/runtime" "^7.12.5"
    "@sentry/browser" "^7.60.1"
    bowser "^2.8.1"
    dequal "^2.0.3"
    events "^3.1.0"

"@sentry-internal/feedback@7.114.0":
  version "7.114.0"
  resolved "https://registry.yarnpkg.com/@sentry-internal/feedback/-/feedback-7.114.0.tgz#8a1c3d8bbd014c1823d30b9b1128eb244d357c3e"
  integrity sha512-kUiLRUDZuh10QE9JbSVVLgqxFoD9eDPOzT0MmzlPuas8JlTmJuV4FtSANNcqctd5mBuLt2ebNXH0MhRMwyae4A==
  dependencies:
    "@sentry/core" "7.114.0"
    "@sentry/types" "7.114.0"
    "@sentry/utils" "7.114.0"

"@sentry-internal/replay-canvas@7.114.0":
  version "7.114.0"
  resolved "https://registry.yarnpkg.com/@sentry-internal/replay-canvas/-/replay-canvas-7.114.0.tgz#b81e2c2ebec01c436ad6e687e563ba456e33b615"
  integrity sha512-6rTiqmKi/FYtesdM2TM2U+rh6BytdPjLP65KTUodtxohJ+r/3m+termj2o4BhIYPE1YYOZNmbZfwebkuQPmWeg==
  dependencies:
    "@sentry/core" "7.114.0"
    "@sentry/replay" "7.114.0"
    "@sentry/types" "7.114.0"
    "@sentry/utils" "7.114.0"

"@sentry-internal/tracing@7.114.0":
  version "7.114.0"
  resolved "https://registry.yarnpkg.com/@sentry-internal/tracing/-/tracing-7.114.0.tgz#bdcd364f511e2de45db6e3004faf5685ca2e0f86"
  integrity sha512-dOuvfJN7G+3YqLlUY4HIjyWHaRP8vbOgF+OsE5w2l7ZEn1rMAaUbPntAR8AF9GBA6j2zWNoSo8e7GjbJxVofSg==
  dependencies:
    "@sentry/core" "7.114.0"
    "@sentry/types" "7.114.0"
    "@sentry/utils" "7.114.0"

"@sentry/browser@^7.60.1":
  version "7.114.0"
  resolved "https://registry.yarnpkg.com/@sentry/browser/-/browser-7.114.0.tgz#b0741bff89189d16c8b19f0775fe6e078147ec33"
  integrity sha512-ijJ0vOEY6U9JJADVYGkUbLrAbpGSQgA4zV+KW3tcsBLX9M1jaWq4BV1PWHdzDPPDhy4OgfOjIfaMb5BSPn1U+g==
  dependencies:
    "@sentry-internal/feedback" "7.114.0"
    "@sentry-internal/replay-canvas" "7.114.0"
    "@sentry-internal/tracing" "7.114.0"
    "@sentry/core" "7.114.0"
    "@sentry/integrations" "7.114.0"
    "@sentry/replay" "7.114.0"
    "@sentry/types" "7.114.0"
    "@sentry/utils" "7.114.0"

"@sentry/core@7.114.0":
  version "7.114.0"
  resolved "https://registry.yarnpkg.com/@sentry/core/-/core-7.114.0.tgz#3efe86b92a5379c44dfd0fd4685266b1a30fa898"
  integrity sha512-YnanVlmulkjgZiVZ9BfY9k6I082n+C+LbZo52MTvx3FY6RE5iyiPMpaOh67oXEZRWcYQEGm+bKruRxLVP6RlbA==
  dependencies:
    "@sentry/types" "7.114.0"
    "@sentry/utils" "7.114.0"

"@sentry/integrations@7.114.0":
  version "7.114.0"
  resolved "https://registry.yarnpkg.com/@sentry/integrations/-/integrations-7.114.0.tgz#baf249cfa9e359510f41e486a75bf184db18927d"
  integrity sha512-BJIBWXGKeIH0ifd7goxOS29fBA8BkEgVVCahs6xIOXBjX1IRS6PmX0zYx/GP23nQTfhJiubv2XPzoYOlZZmDxg==
  dependencies:
    "@sentry/core" "7.114.0"
    "@sentry/types" "7.114.0"
    "@sentry/utils" "7.114.0"
    localforage "^1.8.1"

"@sentry/replay@7.114.0":
  version "7.114.0"
  resolved "https://registry.yarnpkg.com/@sentry/replay/-/replay-7.114.0.tgz#f552e4803cacb233a2f5f2a4afbf5bed9052a744"
  integrity sha512-UvEajoLIX9n2poeW3R4Ybz7D0FgCGXoFr/x/33rdUEMIdTypknxjJWxg6fJngIduzwrlrvWpvP8QiZXczYQy2Q==
  dependencies:
    "@sentry-internal/tracing" "7.114.0"
    "@sentry/core" "7.114.0"
    "@sentry/types" "7.114.0"
    "@sentry/utils" "7.114.0"

"@sentry/types@7.114.0":
  version "7.114.0"
  resolved "https://registry.yarnpkg.com/@sentry/types/-/types-7.114.0.tgz#ab8009d5f6df23b7342121083bed34ee2452e856"
  integrity sha512-tsqkkyL3eJtptmPtT0m9W/bPLkU7ILY7nvwpi1hahA5jrM7ppoU0IMaQWAgTD+U3rzFH40IdXNBFb8Gnqcva4w==

"@sentry/utils@7.114.0":
  version "7.114.0"
  resolved "https://registry.yarnpkg.com/@sentry/utils/-/utils-7.114.0.tgz#59d30a79f4acff3c9268de0b345f0bcbc6335112"
  integrity sha512-319N90McVpupQ6vws4+tfCy/03AdtsU0MurIE4+W5cubHME08HtiEWlfacvAxX+yuKFhvdsO4K4BB/dj54ideg==
  dependencies:
    "@sentry/types" "7.114.0"

"@vapi-ai/web@^1.0.263", "@vapi-ai/web@^1.1.3":
  version "1.1.3"
  resolved "https://registry.yarnpkg.com/@vapi-ai/web/-/web-1.1.3.tgz#c36a9ebeb88dc189fd1e46e4dbd2a0a7f7c31ccc"
  integrity sha512-GUr3qXDhhtQUfcP6fr4qgiPMUORKsnNAKhxphYLsGjej9488CvawJA69wnPQUhdNb0Mr3eaO1QXu7GseYsliWg==
  dependencies:
    "@daily-co/daily-js" "^0.58.0"
    "@vapi-ai/web" "^1.0.263"
    events "^3.3.0"

bowser@^2.8.1:
  version "2.11.0"
  resolved "https://registry.yarnpkg.com/bowser/-/bowser-2.11.0.tgz#5ca3c35757a7aa5771500c70a73a9f91ef420a8f"
  integrity sha512-AlcaJBi/pqqJBIQ8U9Mcpc9i8Aqxn88Skv5d+xBX006BY5u8N3mGLHa5Lgppa7L/HfwgwLgZ6NYs+Ag6uUmJRA==

dequal@^2.0.3:
  version "2.0.3"
  resolved "https://registry.yarnpkg.com/dequal/-/dequal-2.0.3.tgz#2644214f1997d39ed0ee0ece72335490a7ac67be"
  integrity sha512-0je+qPKHEMohvfRTCEo3CrPG6cAzAYgmzKyxRiYSSDkS6eGJdyVJm7WaYA5ECaAD9wLB2T4EEeymA5aFVcYXCA==

events@^3.1.0, events@^3.3.0:
  version "3.3.0"
  resolved "https://registry.yarnpkg.com/events/-/events-3.3.0.tgz#31a95ad0a924e2d2c419a813aeb2c4e878ea7400"
  integrity sha512-mQw+2fkQbALzQ7V0MY0IqdnXNOeTtP4r0lN9z7AAawCXgqea7bDii20AYrIBrFd/Hx0M2Ocz6S111CaFkUcb0Q==

immediate@~3.0.5:
  version "3.0.6"
  resolved "https://registry.yarnpkg.com/immediate/-/immediate-3.0.6.tgz#9db1dbd0faf8de6fbe0f5dd5e56bb606280de69b"
  integrity sha512-XXOFtyqDjNDAQxVfYxuF7g9Il/IbWmmlQg2MYKOH8ExIT1qg6xc4zyS3HaEEATgs1btfzxq15ciUiY7gjSXRGQ==

lie@3.1.1:
  version "3.1.1"
  resolved "https://registry.yarnpkg.com/lie/-/lie-3.1.1.tgz#9a436b2cc7746ca59de7a41fa469b3efb76bd87e"
  integrity sha512-RiNhHysUjhrDQntfYSfY4MU24coXXdEOgw9WGcKHNeEwffDYbF//u87M1EWaMGzuFoSbqW0C9C6lEEhDOAswfw==
  dependencies:
    immediate "~3.0.5"

localforage@^1.8.1:
  version "1.10.0"
  resolved "https://registry.yarnpkg.com/localforage/-/localforage-1.10.0.tgz#5c465dc5f62b2807c3a84c0c6a1b1b3212781dd4"
  integrity sha512-14/H1aX7hzBBmmh7sGPd+AOMkkIrHM3Z1PAyGgZigA1H1p5O5ANnMyWzvpAETtG68/dC4pC0ncy3+PPGzXZHPg==
  dependencies:
    lie "3.1.1"

regenerator-runtime@^0.14.0:
  version "0.14.1"
  resolved "https://registry.yarnpkg.com/regenerator-runtime/-/regenerator-runtime-0.14.1.tgz#356ade10263f685dda125100cd862c1db895327f"
  integrity sha512-dYnhHh0nJoMfnkZs6GmmhFknAGRrLznOu5nc9ML+EJxGvrx6H7teuevqVqCuPcPK//3eDrrjQhehXVx9cnkGdw==
